
Microsoft Visual Studio Solution File, Format Version 12.00
# Visual Studio Version 16
VisualStudioVersion = 16.0.30804.86
MinimumVisualStudioVersion = 10.0.40219.1
Project("{FAE04EC0-301F-11D3-BF4B-00C04F79EFBC}") = "no.of_factors", "no.of_factors\no.of_factors.csproj", "{92DC3F8A-7A89-44E7-B88B-3E9B9B5E471A}"
EndProject
Global
	GlobalSection(SolutionConfigurationPlatforms) = preSolution
		Debug|Any CPU = Debug|Any CPU
		Release|Any CPU = Release|Any CPU
	EndGlobalSection
	GlobalSection(ProjectConfigurationPlatforms) = postSolution
		{92DC3F8A-7A89-44E7-B88B-3E9B9B5E471A}.Debug|Any CPU.ActiveCfg = Debug|Any CPU
		{92DC3F8A-7A89-44E7-B88B-3E9B9B5E471A}.Debug|Any CPU.Build.0 = Debug|Any CPU
		{92DC3F8A-7A89-44E7-B88B-3E9B9B5E471A}.Release|Any CPU.ActiveCfg = Release|Any CPU
		{92DC3F8A-7A89-44E7-B88B-3E9B9B5E471A}.Release|Any CPU.Build.0 = Release|Any CPU
	EndGlobalSection
	GlobalSection(SolutionProperties) = preSolution
		HideSolutionNode = FALSE
	EndGlobalSection
	GlobalSection(ExtensibilityGlobals) = postSolution
		SolutionGuid = {6A0F1F05-FF96-4C17-9950-C606FF45891F}
	EndGlobalSection
EndGlobal
